
Microsoft Visual Studio Solution File, Format Version 12.00
# Visual Studio Version 17
VisualStudioVersion = 17.3.32819.101
MinimumVisualStudioVersion = 10.0.40219.1
Project("{9A19103F-16F7-4668-BE54-9A1E7A4F7556}") = "MovieStoreWebApi", "MovieStoreWebApi\MovieStoreWebApi.csproj", "{034F2CFE-52FB-494C-B1C3-A8083D7BCE84}"
EndProject
Global
	GlobalSection(SolutionConfigurationPlatforms) = preSolution
		Debug|Any CPU = Debug|Any CPU
		Release|Any CPU = Release|Any CPU
	EndGlobalSection
	GlobalSection(ProjectConfigurationPlatforms) = postSolution
		{034F2CFE-52FB-494C-B1C3-A8083D7BCE84}.Debug|Any CPU.ActiveCfg = Debug|Any CPU
		{034F2CFE-52FB-494C-B1C3-A8083D7BCE84}.Debug|Any CPU.Build.0 = Debug|Any CPU
		{034F2CFE-52FB-494C-B1C3-A8083D7BCE84}.Release|Any CPU.ActiveCfg = Release|Any CPU
		{034F2CFE-52FB-494C-B1C3-A8083D7BCE84}.Release|Any CPU.Build.0 = Release|Any CPU
	EndGlobalSection
	GlobalSection(SolutionProperties) = preSolution
		HideSolutionNode = FALSE
	EndGlobalSection
	GlobalSection(ExtensibilityGlobals) = postSolution
		SolutionGuid = {D3050645-8689-45A7-8930-9CFF18C7E47A}
	EndGlobalSection
EndGlobal
